
Microsoft Visual Studio Solution File, Format Version 12.00
# Visual Studio Version 16
VisualStudioVersion = 16.0.36107.64
MinimumVisualStudioVersion = 10.0.40219.1
Project("{FAE04EC0-301F-11D3-BF4B-00C04F79EFBC}") = "NameCrud", "NameCrud\NameCrud.csproj", "{13333783-653C-4435-A4B0-AD455E302A8D}"
EndProject
Global
	GlobalSection(SolutionConfigurationPlatforms) = preSolution
		Debug|Any CPU = Debug|Any CPU
		Release|Any CPU = Release|Any CPU
	EndGlobalSection
	GlobalSection(ProjectConfigurationPlatforms) = postSolution
		{13333783-653C-4435-A4B0-AD455E302A8D}.Debug|Any CPU.ActiveCfg = Debug|Any CPU
		{13333783-653C-4435-A4B0-AD455E302A8D}.Debug|Any CPU.Build.0 = Debug|Any CPU
		{13333783-653C-4435-A4B0-AD455E302A8D}.Release|Any CPU.ActiveCfg = Release|Any CPU
		{13333783-653C-4435-A4B0-AD455E302A8D}.Release|Any CPU.Build.0 = Release|Any CPU
	EndGlobalSection
	GlobalSection(SolutionProperties) = preSolution
		HideSolutionNode = FALSE
	EndGlobalSection
	GlobalSection(ExtensibilityGlobals) = postSolution
		SolutionGuid = {BB786504-6F88-43C4-926E-8FF1740E2517}
	EndGlobalSection
EndGlobal
